
Microsoft Visual Studio Solution File, Format Version 12.00
# Visual Studio 15
VisualStudioVersion = 15.0.28010.2046
MinimumVisualStudioVersion = 10.0.40219.1
Project("{FAE04EC0-301F-11D3-BF4B-00C04F79EFBC}") = "BE", "BE\BE.csproj", "{6AB0E9E9-4347-42AB-A7BE-5C5C0EC9BBE9}"
EndProject
Project("{FAE04EC0-301F-11D3-BF4B-00C04F79EFBC}") = "DAL", "DAL\DAL.csproj", "{F7A3FD17-C8C5-4847-889E-962D3F102522}"
EndProject
Project("{FAE04EC0-301F-11D3-BF4B-00C04F79EFBC}") = "BL", "BL\BL.csproj", "{6D31EA76-476D-41D5-A72F-58CB6EE6B2FD}"
EndProject
Project("{FAE04EC0-301F-11D3-BF4B-00C04F79EFBC}") = "PL", "PL\PL.csproj", "{468200B3-7C86-4CA1-9ACA-32F301C2CACF}"
EndProject
Project("{FAE04EC0-301F-11D3-BF4B-00C04F79EFBC}") = "DS", "DS\DS.csproj", "{45A92C34-B763-4390-9A11-4C9B4DDA56DA}"
EndProject
Project("{FAE04EC0-301F-11D3-BF4B-00C04F79EFBC}") = "BL_TESTS", "BL_TESTS\BL_TESTS.csproj", "{BF570282-9AFC-4EE0-B14D-39260F05581A}"
EndProject
Project("{FAE04EC0-301F-11D3-BF4B-00C04F79EFBC}") = "PLWPF", "PLWPF\PLWPF.csproj", "{F5DF2B5C-58A3-48C3-8D1E-7F61C1E0A597}"
EndProject
Global
	GlobalSection(SolutionConfigurationPlatforms) = preSolution
		Debug|Any CPU = Debug|Any CPU
		Release|Any CPU = Release|Any CPU
	EndGlobalSection
	GlobalSection(ProjectConfigurationPlatforms) = postSolution
		{6AB0E9E9-4347-42AB-A7BE-5C5C0EC9BBE9}.Debug|Any CPU.ActiveCfg = Debug|Any CPU
		{6AB0E9E9-4347-42AB-A7BE-5C5C0EC9BBE9}.Debug|Any CPU.Build.0 = Debug|Any CPU
		{6AB0E9E9-4347-42AB-A7BE-5C5C0EC9BBE9}.Release|Any CPU.ActiveCfg = Release|Any CPU
		{6AB0E9E9-4347-42AB-A7BE-5C5C0EC9BBE9}.Release|Any CPU.Build.0 = Release|Any CPU
		{F7A3FD17-C8C5-4847-889E-962D3F102522}.Debug|Any CPU.ActiveCfg = Debug|Any CPU
		{F7A3FD17-C8C5-4847-889E-962D3F102522}.Debug|Any CPU.Build.0 = Debug|Any CPU
		{F7A3FD17-C8C5-4847-889E-962D3F102522}.Release|Any CPU.ActiveCfg = Release|Any CPU
		{F7A3FD17-C8C5-4847-889E-962D3F102522}.Release|Any CPU.Build.0 = Release|Any CPU
		{6D31EA76-476D-41D5-A72F-58CB6EE6B2FD}.Debug|Any CPU.ActiveCfg = Debug|Any CPU
		{6D31EA76-476D-41D5-A72F-58CB6EE6B2FD}.Debug|Any CPU.Build.0 = Debug|Any CPU
		{6D31EA76-476D-41D5-A72F-58CB6EE6B2FD}.Release|Any CPU.ActiveCfg = Release|Any CPU
		{6D31EA76-476D-41D5-A72F-58CB6EE6B2FD}.Release|Any CPU.Build.0 = Release|Any CPU
		{468200B3-7C86-4CA1-9ACA-32F301C2CACF}.Debug|Any CPU.ActiveCfg = Debug|Any CPU
		{468200B3-7C86-4CA1-9ACA-32F301C2CACF}.Debug|Any CPU.Build.0 = Debug|Any CPU
		{468200B3-7C86-4CA1-9ACA-32F301C2CACF}.Release|Any CPU.ActiveCfg = Release|Any CPU
		{468200B3-7C86-4CA1-9ACA-32F301C2CACF}.Release|Any CPU.Build.0 = Release|Any CPU
		{45A92C34-B763-4390-9A11-4C9B4DDA56DA}.Debug|Any CPU.ActiveCfg = Debug|Any CPU
		{45A92C34-B763-4390-9A11-4C9B4DDA56DA}.Debug|Any CPU.Build.0 = Debug|Any CPU
		{45A92C34-B763-4390-9A11-4C9B4DDA56DA}.Release|Any CPU.ActiveCfg = Release|Any CPU
		{45A92C34-B763-4390-9A11-4C9B4DDA56DA}.Release|Any CPU.Build.0 = Release|Any CPU
		{BF570282-9AFC-4EE0-B14D-39260F05581A}.Debug|Any CPU.ActiveCfg = Debug|Any CPU
		{BF570282-9AFC-4EE0-B14D-39260F05581A}.Debug|Any CPU.Build.0 = Debug|Any CPU
		{BF570282-9AFC-4EE0-B14D-39260F05581A}.Release|Any CPU.ActiveCfg = Release|Any CPU
		{BF570282-9AFC-4EE0-B14D-39260F05581A}.Release|Any CPU.Build.0 = Release|Any CPU
		{F5DF2B5C-58A3-48C3-8D1E-7F61C1E0A597}.Debug|Any CPU.ActiveCfg = Debug|Any CPU
		{F5DF2B5C-58A3-48C3-8D1E-7F61C1E0A597}.Debug|Any CPU.Build.0 = Debug|Any CPU
		{F5DF2B5C-58A3-48C3-8D1E-7F61C1E0A597}.Release|Any CPU.ActiveCfg = Release|Any CPU
		{F5DF2B5C-58A3-48C3-8D1E-7F61C1E0A597}.Release|Any CPU.Build.0 = Release|Any CPU
	EndGlobalSection
	GlobalSection(SolutionProperties) = preSolution
		HideSolutionNode = FALSE
	EndGlobalSection
	GlobalSection(ExtensibilityGlobals) = postSolution
		SolutionGuid = {56206151-6B76-4545-BD95-DA35DEEBCB6C}
	EndGlobalSection
EndGlobal
